<?xml version="1.0" encoding="utf-8"?>
<Project ToolsVersion="4.0" xmlns="http://schemas.microsoft.com/developer/msbuild/2003">
  <ItemGroup>
    <Filter Include="Source Files">
      <UniqueIdentifier>{b714803d-41ba-40d0-901e-d35f04472869}</UniqueIdentifier>
    </Filter>
    <Filter Include="Generated Files">
      <UniqueIdentifier>{2ae50312-f653-4c72-abef-f45a5dfe8075}</UniqueIdentifier>
      <SourceControlFiles>False</SourceControlFiles>
    </Filter>
  </ItemGroup>
  <ItemGroup>
    <None Include="rtd-examps.def" />
  </ItemGroup>
  <ItemGroup>
    <ClCompile Include="rtdexam_i.c">
      <Filter>Generated Files</Filter>
    </ClCompile>
    <ClCompile Include="rtdexam_p.c">
      <Filter>Generated Files</Filter>
    </ClCompile>
    <ClCompile Include="dlldata.c">
      <Filter>Generated Files</Filter>
    </ClCompile>
  </ItemGroup>
</Project>